{
  "nodes": {
    "crane": {
      "locked": {
        "lastModified": 1727974419,
        "narHash": "sha256-WD0//20h+2/yPGkO88d2nYbb23WMWYvnRyDQ9Dx4UHg=",
        "owner": "ipetkov",
        "repo": "crane",
        "rev": "37e4f9f0976cb9281cd3f0c70081e5e0ecaee93f",
        "type": "github"
      },
      "original": {
        "owner": "ipetkov",
        "repo": "crane",
        "type": "github"
      }
    },
    "flake-utils": {
      "inputs": {
        "systems": "systems"
      },
      "locked": {
        "lastModified": 1726560853,
        "narHash": "sha256-X6rJYSESBVr3hBoH0WbKE5KvhPU5bloyZ2L4K60/fPQ=",
        "owner": "numtide",
        "repo": "flake-utils",
        "rev": "c1dfcf08411b08f6b8615f7d8971a2bfa81d5e8a",
        "type": "github"
      },
      "original": {
        "owner": "numtide",
        "repo": "flake-utils",
        "type": "github"
      }
    },
    "helix": {
      "inputs": {
        "crane": "crane",
        "flake-utils": "flake-utils",
        "nixpkgs": "nixpkgs",
        "rust-overlay": "rust-overlay"
      },
      "locked": {
        "lastModified": 1731178316,
        "narHash": "sha256-b2QkoiEXTwQgZ8jJf5sVAV3ZRCJ19oEcbqBsoyzN9oc=",
        "owner": "nikitarevenco",
        "repo": "helix",
        "rev": "8a6d707bb7bcef2eb53d8e91c1fc09fec0188f18",
        "type": "github"
      },
      "original": {
        "owner": "nikitarevenco",
        "ref": "personal",
        "repo": "helix",
        "type": "github"
      }
    },
    "home-manager": {
      "inputs": {
        "nixpkgs": [
          "nixpkgs"
        ]
      },
      "locked": {
        "lastModified": 1726989464,
        "narHash": "sha256-Vl+WVTJwutXkimwGprnEtXc/s/s8sMuXzqXaspIGlwM=",
        "owner": "nix-community",
        "repo": "home-manager",
        "rev": "2f23fa308a7c067e52dfcc30a0758f47043ec176",
        "type": "github"
      },
      "original": {
        "owner": "nix-community",
        "ref": "release-24.05",
        "repo": "home-manager",
        "type": "github"
      }
    },
    "nixpkgs": {
      "locked": {
        "lastModified": 1728018373,
        "narHash": "sha256-NOiTvBbRLIOe5F6RbHaAh6++BNjsb149fGZd1T4+KBg=",
        "owner": "nixos",
        "repo": "nixpkgs",
        "rev": "bc947f541ae55e999ffdb4013441347d83b00feb",
        "type": "github"
      },
      "original": {
        "owner": "nixos",
        "ref": "nixos-unstable",
        "repo": "nixpkgs",
        "type": "github"
      }
    },
    "nixpkgs-unstable": {
      "locked": {
        "lastModified": 1730785428,
        "narHash": "sha256-Zwl8YgTVJTEum+L+0zVAWvXAGbWAuXHax3KzuejaDyo=",
        "owner": "nixos",
        "repo": "nixpkgs",
        "rev": "4aa36568d413aca0ea84a1684d2d46f55dbabad7",
        "type": "github"
      },
      "original": {
        "owner": "nixos",
        "ref": "nixos-unstable",
        "repo": "nixpkgs",
        "type": "github"
      }
    },
    "nixpkgs_2": {
      "locked": {
        "lastModified": 1730883749,
        "narHash": "sha256-mwrFF0vElHJP8X3pFCByJR365Q2463ATp2qGIrDUdlE=",
        "owner": "NixOS",
        "repo": "nixpkgs",
        "rev": "dba414932936fde69f0606b4f1d87c5bc0003ede",
        "type": "github"
      },
      "original": {
        "owner": "NixOS",
        "ref": "nixos-24.05",
        "repo": "nixpkgs",
        "type": "github"
      }
    },
    "nur": {
      "locked": {
        "lastModified": 1731119600,
        "narHash": "sha256-Asx9nXJBdRN4AvuA8+etlQWY8PrqrXXvPb1uNFveV8k=",
        "owner": "nix-community",
        "repo": "NUR",
        "rev": "b29499982ee565c8dab5ca5c7be8d2ebfc267d87",
        "type": "github"
      },
      "original": {
        "owner": "nix-community",
        "repo": "NUR",
        "type": "github"
      }
    },
    "root": {
      "inputs": {
        "helix": "helix",
        "home-manager": "home-manager",
        "nixpkgs": "nixpkgs_2",
        "nixpkgs-unstable": "nixpkgs-unstable",
        "nur": "nur"
      }
    },
    "rust-overlay": {
      "inputs": {
        "nixpkgs": [
          "helix",
          "nixpkgs"
        ]
      },
      "locked": {
        "lastModified": 1728268235,
        "narHash": "sha256-lJMFnMO4maJuNO6PQ5fZesrTmglze3UFTTBuKGwR1Nw=",
        "owner": "oxalica",
        "repo": "rust-overlay",
        "rev": "25685cc2c7054efc31351c172ae77b21814f2d42",
        "type": "github"
      },
      "original": {
        "owner": "oxalica",
        "repo": "rust-overlay",
        "type": "github"
      }
    },
    "systems": {
      "locked": {
        "lastModified": 1681028828,
        "narHash": "sha256-Vy1rq5AaRuLzOxct8nz4T6wlgyUR7zLU309k9mBC768=",
        "owner": "nix-systems",
        "repo": "default",
        "rev": "da67096a3b9bf56a91d16901293e51ba5b49a27e",
        "type": "github"
      },
      "original": {
        "owner": "nix-systems",
        "repo": "default",
        "type": "github"
      }
    }
  },
  "root": "root",
  "version": 7
}
